
Microsoft Visual Studio Solution File, Format Version 12.00
# Visual Studio Version 17
VisualStudioVersion = 17.1.32328.378
MinimumVisualStudioVersion = 10.0.40219.1
Project("{FAE04EC0-301F-11D3-BF4B-00C04F79EFBC}") = "ADOPXF_E_LV_TimeLine.UWP", "ADOPXF_E_LV_TimeLine\ADOPXF_E_LV_TimeLine.UWP\ADOPXF_E_LV_TimeLine.UWP.csproj", "{9156071A-BBC7-40A5-990D-3E3E98A1046F}"
EndProject
Project("{FAE04EC0-301F-11D3-BF4B-00C04F79EFBC}") = "ADOPXF_E_LV_TimeLine.Android", "ADOPXF_E_LV_TimeLine\ADOPXF_E_LV_TimeLine.Android\ADOPXF_E_LV_TimeLine.Android.csproj", "{DAE7C0FA-D351-4563-BD1F-04819AFEFE87}"
EndProject
Project("{FAE04EC0-301F-11D3-BF4B-00C04F79EFBC}") = "ADOPXF_E_LV_TimeLine.iOS", "ADOPXF_E_LV_TimeLine\ADOPXF_E_LV_TimeLine.iOS\ADOPXF_E_LV_TimeLine.iOS.csproj", "{A3DD42CE-A610-4241-8636-FA50FCEB430C}"
EndProject
Project("{FAE04EC0-301F-11D3-BF4B-00C04F79EFBC}") = "ADOPXF_E_LV_TimeLine", "ADOPXF_E_LV_TimeLine\ADOPXF_E_LV_TimeLine\ADOPXF_E_LV_TimeLine.csproj", "{044DCB72-A9F6-4D24-AF0D-BC4C44BAD113}"
EndProject
Global
	GlobalSection(SolutionConfigurationPlatforms) = preSolution
		Debug|Any CPU = Debug|Any CPU
		Debug|ARM = Debug|ARM
		Debug|iPhone = Debug|iPhone
		Debug|iPhoneSimulator = Debug|iPhoneSimulator
		Debug|x64 = Debug|x64
		Debug|x86 = Debug|x86
		Release|Any CPU = Release|Any CPU
		Release|ARM = Release|ARM
		Release|iPhone = Release|iPhone
		Release|iPhoneSimulator = Release|iPhoneSimulator
		Release|x64 = Release|x64
		Release|x86 = Release|x86
	EndGlobalSection
	GlobalSection(ProjectConfigurationPlatforms) = postSolution
		{9156071A-BBC7-40A5-990D-3E3E98A1046F}.Debug|Any CPU.ActiveCfg = Debug|x64
		{9156071A-BBC7-40A5-990D-3E3E98A1046F}.Debug|Any CPU.Build.0 = Debug|x64
		{9156071A-BBC7-40A5-990D-3E3E98A1046F}.Debug|Any CPU.Deploy.0 = Debug|x64
		{9156071A-BBC7-40A5-990D-3E3E98A1046F}.Debug|ARM.ActiveCfg = Debug|ARM
		{9156071A-BBC7-40A5-990D-3E3E98A1046F}.Debug|ARM.Build.0 = Debug|ARM
		{9156071A-BBC7-40A5-990D-3E3E98A1046F}.Debug|ARM.Deploy.0 = Debug|ARM
		{9156071A-BBC7-40A5-990D-3E3E98A1046F}.Debug|iPhone.ActiveCfg = Debug|x64
		{9156071A-BBC7-40A5-990D-3E3E98A1046F}.Debug|iPhone.Build.0 = Debug|x64
		{9156071A-BBC7-40A5-990D-3E3E98A1046F}.Debug|iPhone.Deploy.0 = Debug|x64
		{9156071A-BBC7-40A5-990D-3E3E98A1046F}.Debug|iPhoneSimulator.ActiveCfg = Debug|x64
		{9156071A-BBC7-40A5-990D-3E3E98A1046F}.Debug|iPhoneSimulator.Build.0 = Debug|x64
		{9156071A-BBC7-40A5-990D-3E3E98A1046F}.Debug|iPhoneSimulator.Deploy.0 = Debug|x64
		{9156071A-BBC7-40A5-990D-3E3E98A1046F}.Debug|x64.ActiveCfg = Debug|x64
		{9156071A-BBC7-40A5-990D-3E3E98A1046F}.Debug|x64.Build.0 = Debug|x64
		{9156071A-BBC7-40A5-990D-3E3E98A1046F}.Debug|x64.Deploy.0 = Debug|x64
		{9156071A-BBC7-40A5-990D-3E3E98A1046F}.Debug|x86.ActiveCfg = Debug|x86
		{9156071A-BBC7-40A5-990D-3E3E98A1046F}.Debug|x86.Build.0 = Debug|x86
		{9156071A-BBC7-40A5-990D-3E3E98A1046F}.Debug|x86.Deploy.0 = Debug|x86
		{9156071A-BBC7-40A5-990D-3E3E98A1046F}.Release|Any CPU.ActiveCfg = Release|x64
		{9156071A-BBC7-40A5-990D-3E3E98A1046F}.Release|Any CPU.Build.0 = Release|x64
		{9156071A-BBC7-40A5-990D-3E3E98A1046F}.Release|Any CPU.Deploy.0 = Release|x64
		{9156071A-BBC7-40A5-990D-3E3E98A1046F}.Release|ARM.ActiveCfg = Release|ARM
		{9156071A-BBC7-40A5-990D-3E3E98A1046F}.Release|ARM.Build.0 = Release|ARM
		{9156071A-BBC7-40A5-990D-3E3E98A1046F}.Release|ARM.Deploy.0 = Release|ARM
		{9156071A-BBC7-40A5-990D-3E3E98A1046F}.Release|iPhone.ActiveCfg = Release|x64
		{9156071A-BBC7-40A5-990D-3E3E98A1046F}.Release|iPhone.Build.0 = Release|x64
		{9156071A-BBC7-40A5-990D-3E3E98A1046F}.Release|iPhone.Deploy.0 = Release|x64
		{9156071A-BBC7-40A5-990D-3E3E98A1046F}.Release|iPhoneSimulator.ActiveCfg = Release|x64
		{9156071A-BBC7-40A5-990D-3E3E98A1046F}.Release|iPhoneSimulator.Build.0 = Release|x64
		{9156071A-BBC7-40A5-990D-3E3E98A1046F}.Release|iPhoneSimulator.Deploy.0 = Release|x64
		{9156071A-BBC7-40A5-990D-3E3E98A1046F}.Release|x64.ActiveCfg = Release|x64
		{9156071A-BBC7-40A5-990D-3E3E98A1046F}.Release|x64.Build.0 = Release|x64
		{9156071A-BBC7-40A5-990D-3E3E98A1046F}.Release|x64.Deploy.0 = Release|x64
		{9156071A-BBC7-40A5-990D-3E3E98A1046F}.Release|x86.ActiveCfg = Release|x86
		{9156071A-BBC7-40A5-990D-3E3E98A1046F}.Release|x86.Build.0 = Release|x86
		{9156071A-BBC7-40A5-990D-3E3E98A1046F}.Release|x86.Deploy.0 = Release|x86
		{DAE7C0FA-D351-4563-BD1F-04819AFEFE87}.Debug|Any CPU.ActiveCfg = Debug|Any CPU
		{DAE7C0FA-D351-4563-BD1F-04819AFEFE87}.Debug|Any CPU.Build.0 = Debug|Any CPU
		{DAE7C0FA-D351-4563-BD1F-04819AFEFE87}.Debug|Any CPU.Deploy.0 = Debug|Any CPU
		{DAE7C0FA-D351-4563-BD1F-04819AFEFE87}.Debug|ARM.ActiveCfg = Debug|Any CPU
		{DAE7C0FA-D351-4563-BD1F-04819AFEFE87}.Debug|ARM.Build.0 = Debug|Any CPU
		{DAE7C0FA-D351-4563-BD1F-04819AFEFE87}.Debug|ARM.Deploy.0 = Debug|Any CPU
		{DAE7C0FA-D351-4563-BD1F-04819AFEFE87}.Debug|iPhone.ActiveCfg = Debug|Any CPU
		{DAE7C0FA-D351-4563-BD1F-04819AFEFE87}.Debug|iPhone.Build.0 = Debug|Any CPU
		{DAE7C0FA-D351-4563-BD1F-04819AFEFE87}.Debug|iPhone.Deploy.0 = Debug|Any CPU
		{DAE7C0FA-D351-4563-BD1F-04819AFEFE87}.Debug|iPhoneSimulator.ActiveCfg = Debug|Any CPU
		{DAE7C0FA-D351-4563-BD1F-04819AFEFE87}.Debug|iPhoneSimulator.Build.0 = Debug|Any CPU
		{DAE7C0FA-D351-4563-BD1F-04819AFEFE87}.Debug|iPhoneSimulator.Deploy.0 = Debug|Any CPU
		{DAE7C0FA-D351-4563-BD1F-04819AFEFE87}.Debug|x64.ActiveCfg = Debug|Any CPU
		{DAE7C0FA-D351-4563-BD1F-04819AFEFE87}.Debug|x64.Build.0 = Debug|Any CPU
		{DAE7C0FA-D351-4563-BD1F-04819AFEFE87}.Debug|x64.Deploy.0 = Debug|Any CPU
		{DAE7C0FA-D351-4563-BD1F-04819AFEFE87}.Debug|x86.ActiveCfg = Debug|Any CPU
		{DAE7C0FA-D351-4563-BD1F-04819AFEFE87}.Debug|x86.Build.0 = Debug|Any CPU
		{DAE7C0FA-D351-4563-BD1F-04819AFEFE87}.Debug|x86.Deploy.0 = Debug|Any CPU
		{DAE7C0FA-D351-4563-BD1F-04819AFEFE87}.Release|Any CPU.ActiveCfg = Release|Any CPU
		{DAE7C0FA-D351-4563-BD1F-04819AFEFE87}.Release|Any CPU.Build.0 = Release|Any CPU
		{DAE7C0FA-D351-4563-BD1F-04819AFEFE87}.Release|Any CPU.Deploy.0 = Release|Any CPU
		{DAE7C0FA-D351-4563-BD1F-04819AFEFE87}.Release|ARM.ActiveCfg = Release|Any CPU
		{DAE7C0FA-D351-4563-BD1F-04819AFEFE87}.Release|ARM.Build.0 = Release|Any CPU
		{DAE7C0FA-D351-4563-BD1F-04819AFEFE87}.Release|ARM.Deploy.0 = Release|Any CPU
		{DAE7C0FA-D351-4563-BD1F-04819AFEFE87}.Release|iPhone.ActiveCfg = Release|Any CPU
		{DAE7C0FA-D351-4563-BD1F-04819AFEFE87}.Release|iPhone.Build.0 = Release|Any CPU
		{DAE7C0FA-D351-4563-BD1F-04819AFEFE87}.Release|iPhone.Deploy.0 = Release|Any CPU
		{DAE7C0FA-D351-4563-BD1F-04819AFEFE87}.Release|iPhoneSimulator.ActiveCfg = Release|Any CPU
		{DAE7C0FA-D351-4563-BD1F-04819AFEFE87}.Release|iPhoneSimulator.Build.0 = Release|Any CPU
		{DAE7C0FA-D351-4563-BD1F-04819AFEFE87}.Release|iPhoneSimulator.Deploy.0 = Release|Any CPU
		{DAE7C0FA-D351-4563-BD1F-04819AFEFE87}.Release|x64.ActiveCfg = Release|Any CPU
		{DAE7C0FA-D351-4563-BD1F-04819AFEFE87}.Release|x64.Build.0 = Release|Any CPU
		{DAE7C0FA-D351-4563-BD1F-04819AFEFE87}.Release|x64.Deploy.0 = Release|Any CPU
		{DAE7C0FA-D351-4563-BD1F-04819AFEFE87}.Release|x86.ActiveCfg = Release|Any CPU
		{DAE7C0FA-D351-4563-BD1F-04819AFEFE87}.Release|x86.Build.0 = Release|Any CPU
		{DAE7C0FA-D351-4563-BD1F-04819AFEFE87}.Release|x86.Deploy.0 = Release|Any CPU
		{A3DD42CE-A610-4241-8636-FA50FCEB430C}.Debug|Any CPU.ActiveCfg = Debug|iPhoneSimulator
		{A3DD42CE-A610-4241-8636-FA50FCEB430C}.Debug|Any CPU.Build.0 = Debug|iPhoneSimulator
		{A3DD42CE-A610-4241-8636-FA50FCEB430C}.Debug|Any CPU.Deploy.0 = Debug|iPhoneSimulator
		{A3DD42CE-A610-4241-8636-FA50FCEB430C}.Debug|ARM.ActiveCfg = Debug|iPhoneSimulator
		{A3DD42CE-A610-4241-8636-FA50FCEB430C}.Debug|ARM.Build.0 = Debug|iPhoneSimulator
		{A3DD42CE-A610-4241-8636-FA50FCEB430C}.Debug|ARM.Deploy.0 = Debug|iPhoneSimulator
		{A3DD42CE-A610-4241-8636-FA50FCEB430C}.Debug|iPhone.ActiveCfg = Debug|iPhone
		{A3DD42CE-A610-4241-8636-FA50FCEB430C}.Debug|iPhone.Build.0 = Debug|iPhone
		{A3DD42CE-A610-4241-8636-FA50FCEB430C}.Debug|iPhone.Deploy.0 = Debug|iPhone
		{A3DD42CE-A610-4241-8636-FA50FCEB430C}.Debug|iPhoneSimulator.ActiveCfg = Debug|iPhoneSimulator
		{A3DD42CE-A610-4241-8636-FA50FCEB430C}.Debug|iPhoneSimulator.Build.0 = Debug|iPhoneSimulator
		{A3DD42CE-A610-4241-8636-FA50FCEB430C}.Debug|iPhoneSimulator.Deploy.0 = Debug|iPhoneSimulator
		{A3DD42CE-A610-4241-8636-FA50FCEB430C}.Debug|x64.ActiveCfg = Debug|iPhone
		{A3DD42CE-A610-4241-8636-FA50FCEB430C}.Debug|x64.Build.0 = Debug|iPhone
		{A3DD42CE-A610-4241-8636-FA50FCEB430C}.Debug|x64.Deploy.0 = Debug|iPhone
		{A3DD42CE-A610-4241-8636-FA50FCEB430C}.Debug|x86.ActiveCfg = Debug|iPhoneSimulator
		{A3DD42CE-A610-4241-8636-FA50FCEB430C}.Debug|x86.Build.0 = Debug|iPhoneSimulator
		{A3DD42CE-A610-4241-8636-FA50FCEB430C}.Debug|x86.Deploy.0 = Debug|iPhoneSimulator
		{A3DD42CE-A610-4241-8636-FA50FCEB430C}.Release|Any CPU.ActiveCfg = Release|iPhoneSimulator
		{A3DD42CE-A610-4241-8636-FA50FCEB430C}.Release|Any CPU.Build.0 = Release|iPhoneSimulator
		{A3DD42CE-A610-4241-8636-FA50FCEB430C}.Release|Any CPU.Deploy.0 = Release|iPhoneSimulator
		{A3DD42CE-A610-4241-8636-FA50FCEB430C}.Release|ARM.ActiveCfg = Release|iPhoneSimulator
		{A3DD42CE-A610-4241-8636-FA50FCEB430C}.Release|ARM.Build.0 = Release|iPhoneSimulator
		{A3DD42CE-A610-4241-8636-FA50FCEB430C}.Release|ARM.Deploy.0 = Release|iPhoneSimulator
		{A3DD42CE-A610-4241-8636-FA50FCEB430C}.Release|iPhone.ActiveCfg = Release|iPhone
		{A3DD42CE-A610-4241-8636-FA50FCEB430C}.Release|iPhone.Build.0 = Release|iPhone
		{A3DD42CE-A610-4241-8636-FA50FCEB430C}.Release|iPhone.Deploy.0 = Release|iPhone
		{A3DD42CE-A610-4241-8636-FA50FCEB430C}.Release|iPhoneSimulator.ActiveCfg = Release|iPhoneSimulator
		{A3DD42CE-A610-4241-8636-FA50FCEB430C}.Release|iPhoneSimulator.Build.0 = Release|iPhoneSimulator
		{A3DD42CE-A610-4241-8636-FA50FCEB430C}.Release|iPhoneSimulator.Deploy.0 = Release|iPhoneSimulator
		{A3DD42CE-A610-4241-8636-FA50FCEB430C}.Release|x64.ActiveCfg = Release|iPhoneSimulator
		{A3DD42CE-A610-4241-8636-FA50FCEB430C}.Release|x64.Build.0 = Release|iPhoneSimulator
		{A3DD42CE-A610-4241-8636-FA50FCEB430C}.Release|x64.Deploy.0 = Release|iPhoneSimulator
		{A3DD42CE-A610-4241-8636-FA50FCEB430C}.Release|x86.ActiveCfg = Release|iPhoneSimulator
		{A3DD42CE-A610-4241-8636-FA50FCEB430C}.Release|x86.Build.0 = Release|iPhoneSimulator
		{A3DD42CE-A610-4241-8636-FA50FCEB430C}.Release|x86.Deploy.0 = Release|iPhoneSimulator
		{044DCB72-A9F6-4D24-AF0D-BC4C44BAD113}.Debug|Any CPU.ActiveCfg = Debug|Any CPU
		{044DCB72-A9F6-4D24-AF0D-BC4C44BAD113}.Debug|Any CPU.Build.0 = Debug|Any CPU
		{044DCB72-A9F6-4D24-AF0D-BC4C44BAD113}.Debug|Any CPU.Deploy.0 = Debug|Any CPU
		{044DCB72-A9F6-4D24-AF0D-BC4C44BAD113}.Debug|ARM.ActiveCfg = Debug|Any CPU
		{044DCB72-A9F6-4D24-AF0D-BC4C44BAD113}.Debug|ARM.Build.0 = Debug|Any CPU
		{044DCB72-A9F6-4D24-AF0D-BC4C44BAD113}.Debug|ARM.Deploy.0 = Debug|Any CPU
		{044DCB72-A9F6-4D24-AF0D-BC4C44BAD113}.Debug|iPhone.ActiveCfg = Debug|Any CPU
		{044DCB72-A9F6-4D24-AF0D-BC4C44BAD113}.Debug|iPhone.Build.0 = Debug|Any CPU
		{044DCB72-A9F6-4D24-AF0D-BC4C44BAD113}.Debug|iPhone.Deploy.0 = Debug|Any CPU
		{044DCB72-A9F6-4D24-AF0D-BC4C44BAD113}.Debug|iPhoneSimulator.ActiveCfg = Debug|Any CPU
		{044DCB72-A9F6-4D24-AF0D-BC4C44BAD113}.Debug|iPhoneSimulator.Build.0 = Debug|Any CPU
		{044DCB72-A9F6-4D24-AF0D-BC4C44BAD113}.Debug|iPhoneSimulator.Deploy.0 = Debug|Any CPU
		{044DCB72-A9F6-4D24-AF0D-BC4C44BAD113}.Debug|x64.ActiveCfg = Debug|Any CPU
		{044DCB72-A9F6-4D24-AF0D-BC4C44BAD113}.Debug|x64.Build.0 = Debug|Any CPU
		{044DCB72-A9F6-4D24-AF0D-BC4C44BAD113}.Debug|x64.Deploy.0 = Debug|Any CPU
		{044DCB72-A9F6-4D24-AF0D-BC4C44BAD113}.Debug|x86.ActiveCfg = Debug|Any CPU
		{044DCB72-A9F6-4D24-AF0D-BC4C44BAD113}.Debug|x86.Build.0 = Debug|Any CPU
		{044DCB72-A9F6-4D24-AF0D-BC4C44BAD113}.Debug|x86.Deploy.0 = Debug|Any CPU
		{044DCB72-A9F6-4D24-AF0D-BC4C44BAD113}.Release|Any CPU.ActiveCfg = Release|Any CPU
		{044DCB72-A9F6-4D24-AF0D-BC4C44BAD113}.Release|Any CPU.Build.0 = Release|Any CPU
		{044DCB72-A9F6-4D24-AF0D-BC4C44BAD113}.Release|Any CPU.Deploy.0 = Release|Any CPU
		{044DCB72-A9F6-4D24-AF0D-BC4C44BAD113}.Release|ARM.ActiveCfg = Release|Any CPU
		{044DCB72-A9F6-4D24-AF0D-BC4C44BAD113}.Release|ARM.Build.0 = Release|Any CPU
		{044DCB72-A9F6-4D24-AF0D-BC4C44BAD113}.Release|ARM.Deploy.0 = Release|Any CPU
		{044DCB72-A9F6-4D24-AF0D-BC4C44BAD113}.Release|iPhone.ActiveCfg = Release|Any CPU
		{044DCB72-A9F6-4D24-AF0D-BC4C44BAD113}.Release|iPhone.Build.0 = Release|Any CPU
		{044DCB72-A9F6-4D24-AF0D-BC4C44BAD113}.Release|iPhone.Deploy.0 = Release|Any CPU
		{044DCB72-A9F6-4D24-AF0D-BC4C44BAD113}.Release|iPhoneSimulator.ActiveCfg = Release|Any CPU
		{044DCB72-A9F6-4D24-AF0D-BC4C44BAD113}.Release|iPhoneSimulator.Build.0 = Release|Any CPU
		{044DCB72-A9F6-4D24-AF0D-BC4C44BAD113}.Release|iPhoneSimulator.Deploy.0 = Release|Any CPU
		{044DCB72-A9F6-4D24-AF0D-BC4C44BAD113}.Release|x64.ActiveCfg = Release|Any CPU
		{044DCB72-A9F6-4D24-AF0D-BC4C44BAD113}.Release|x64.Build.0 = Release|Any CPU
		{044DCB72-A9F6-4D24-AF0D-BC4C44BAD113}.Release|x64.Deploy.0 = Release|Any CPU
		{044DCB72-A9F6-4D24-AF0D-BC4C44BAD113}.Release|x86.ActiveCfg = Release|Any CPU
		{044DCB72-A9F6-4D24-AF0D-BC4C44BAD113}.Release|x86.Build.0 = Release|Any CPU
		{044DCB72-A9F6-4D24-AF0D-BC4C44BAD113}.Release|x86.Deploy.0 = Release|Any CPU
	EndGlobalSection
	GlobalSection(SolutionProperties) = preSolution
		HideSolutionNode = FALSE
	EndGlobalSection
	GlobalSection(ExtensibilityGlobals) = postSolution
		SolutionGuid = {72AA57C7-B37C-4DC7-A2B5-6E5F40C29BF1}
	EndGlobalSection
EndGlobal
